lockfileVersion: '9.0'

settings:
  autoInstallPeers: true
  excludeLinksFromLockfile: false

importers:

  .: {}

  apps/api:
    dependencies:
      '@axis/context-engine':
        specifier: workspace:*
        version: link:../../packages/context-engine
      '@axis/repo-parser':
        specifier: workspace:*
        version: link:../../packages/repo-parser
      '@axis/snapshots':
        specifier: workspace:*
        version: link:../../packages/snapshots
    devDependencies:
      '@types/node':
        specifier: ^22.0.0
        version: 22.19.17
      typescript:
        specifier: ^5.7.0
        version: 5.9.3

  packages/context-engine:
    dependencies:
      '@axis/repo-parser':
        specifier: workspace:*
        version: link:../repo-parser
      '@axis/snapshots':
        specifier: workspace:*
        version: link:../snapshots
    devDependencies:
      '@types/node':
        specifier: ^22.0.0
        version: 22.19.17
      typescript:
        specifier: ^5.7.0
        version: 5.9.3

  packages/repo-parser:
    dependencies:
      '@axis/snapshots':
        specifier: workspace:*
        version: link:../snapshots
    devDependencies:
      '@types/node':
        specifier: ^22.0.0
        version: 22.19.17
      typescript:
        specifier: ^5.7.0
        version: 5.9.3

  packages/snapshots:
    dependencies:
      uuid:
        specifier: ^11.1.0
        version: 11.1.0
    devDependencies:
      '@types/node':
        specifier: ^22.0.0
        version: 22.19.17
      typescript:
        specifier: ^5.7.0
        version: 5.9.3

packages:

  '@types/node@22.19.17':
    resolution: {integrity: sha512-wGdMcf+vPYM6jikpS/qhg6WiqSV/OhG+jeeHT/KlVqxYfD40iYJf9/AE1uQxVWFvU7MipKRkRv8NSHiCGgPr8Q==}

  typescript@5.9.3:
    resolution: {integrity: sha512-jl1vZzPDinLr9eUt3J/t7V6FgNEw9QjvBPdysz9KfQDD41fQrC2Y4vKQdiaUpFT4bXlb1RHhLpp8wtm6M5TgSw==}
    engines: {node: '>=14.17'}
    hasBin: true

  undici-types@6.21.0:
    resolution: {integrity: sha512-iwDZqg0QAGrg9Rav5H4n0M64c3mkR59cJ6wQp+7C4nI0gsmExaedaYLNO44eT4AtBBwjbTiGPMlt2Md0T9H9JQ==}

  uuid@11.1.0:
    resolution: {integrity: sha512-0/A9rDy9P7cJ+8w1c9WD9V//9Wj15Ce2MPz8Ri6032usz+NfePxx5AcN3bN+r6ZL6jEo066/yNYB3tn4pQEx+A==}
    hasBin: true

snapshots:

  '@types/node@22.19.17':
    dependencies:
      undici-types: 6.21.0

  typescript@5.9.3: {}

  undici-types@6.21.0: {}

  uuid@11.1.0: {}
